
Microsoft Visual Studio Solution File, Format Version 12.00
# Visual Studio Version 17
VisualStudioVersion = 17.0.31912.275
MinimumVisualStudioVersion = 10.0.40219.1
Project("{9A19103F-16F7-4668-BE54-9A1E7A4F7556}") = "Zawodnicy.Core", "Zawodnicy.Core\Zawodnicy.Core.csproj", "{E850B502-90A4-4F99-9A47-65C18EAAACF2}"
EndProject
Project("{9A19103F-16F7-4668-BE54-9A1E7A4F7556}") = "Zawodnicy.Infrastructure", "Zawodnicy.Infrastructure\Zawodnicy.Infrastructure.csproj", "{6F338651-5D9A-40D2-AA7E-568FBEF2FD45}"
EndProject
Project("{9A19103F-16F7-4668-BE54-9A1E7A4F7556}") = "Zawodnicy.WebApi", "Zawodnicy.WebApi\Zawodnicy.WebApi.csproj", "{F28DA72A-2FE1-496E-9441-34792F20C718}"
EndProject
Project("{9A19103F-16F7-4668-BE54-9A1E7A4F7556}") = "ZawodnicyTest", "ZawodnicyTest\ZawodnicyTest.csproj", "{19A87DB4-E14F-4DB9-B0B5-184481E34389}"
EndProject
Project("{FAE04EC0-301F-11D3-BF4B-00C04F79EFBC}") = "Zawodnicy.WebApp", "Zawodnicy.WebApp\Zawodnicy.WebApp.csproj", "{49464A18-46C0-4411-A3A6-8CA70C331C74}"
	ProjectSection(ProjectDependencies) = postProject
		{F28DA72A-2FE1-496E-9441-34792F20C718} = {F28DA72A-2FE1-496E-9441-34792F20C718}
	EndProjectSection
EndProject
Global
	GlobalSection(SolutionConfigurationPlatforms) = preSolution
		Debug|Any CPU = Debug|Any CPU
		Debug|x64 = Debug|x64
		Debug|x86 = Debug|x86
		Release|Any CPU = Release|Any CPU
		Release|x64 = Release|x64
		Release|x86 = Release|x86
	EndGlobalSection
	GlobalSection(ProjectConfigurationPlatforms) = postSolution
		{E850B502-90A4-4F99-9A47-65C18EAAACF2}.Debug|Any CPU.ActiveCfg = Debug|Any CPU
		{E850B502-90A4-4F99-9A47-65C18EAAACF2}.Debug|Any CPU.Build.0 = Debug|Any CPU
		{E850B502-90A4-4F99-9A47-65C18EAAACF2}.Debug|x64.ActiveCfg = Debug|Any CPU
		{E850B502-90A4-4F99-9A47-65C18EAAACF2}.Debug|x64.Build.0 = Debug|Any CPU
		{E850B502-90A4-4F99-9A47-65C18EAAACF2}.Debug|x86.ActiveCfg = Debug|Any CPU
		{E850B502-90A4-4F99-9A47-65C18EAAACF2}.Debug|x86.Build.0 = Debug|Any CPU
		{E850B502-90A4-4F99-9A47-65C18EAAACF2}.Release|Any CPU.ActiveCfg = Release|Any CPU
		{E850B502-90A4-4F99-9A47-65C18EAAACF2}.Release|Any CPU.Build.0 = Release|Any CPU
		{E850B502-90A4-4F99-9A47-65C18EAAACF2}.Release|x64.ActiveCfg = Release|Any CPU
		{E850B502-90A4-4F99-9A47-65C18EAAACF2}.Release|x64.Build.0 = Release|Any CPU
		{E850B502-90A4-4F99-9A47-65C18EAAACF2}.Release|x86.ActiveCfg = Release|Any CPU
		{E850B502-90A4-4F99-9A47-65C18EAAACF2}.Release|x86.Build.0 = Release|Any CPU
		{6F338651-5D9A-40D2-AA7E-568FBEF2FD45}.Debug|Any CPU.ActiveCfg = Debug|Any CPU
		{6F338651-5D9A-40D2-AA7E-568FBEF2FD45}.Debug|Any CPU.Build.0 = Debug|Any CPU
		{6F338651-5D9A-40D2-AA7E-568FBEF2FD45}.Debug|x64.ActiveCfg = Debug|Any CPU
		{6F338651-5D9A-40D2-AA7E-568FBEF2FD45}.Debug|x64.Build.0 = Debug|Any CPU
		{6F338651-5D9A-40D2-AA7E-568FBEF2FD45}.Debug|x86.ActiveCfg = Debug|Any CPU
		{6F338651-5D9A-40D2-AA7E-568FBEF2FD45}.Debug|x86.Build.0 = Debug|Any CPU
		{6F338651-5D9A-40D2-AA7E-568FBEF2FD45}.Release|Any CPU.ActiveCfg = Release|Any CPU
		{6F338651-5D9A-40D2-AA7E-568FBEF2FD45}.Release|Any CPU.Build.0 = Release|Any CPU
		{6F338651-5D9A-40D2-AA7E-568FBEF2FD45}.Release|x64.ActiveCfg = Release|Any CPU
		{6F338651-5D9A-40D2-AA7E-568FBEF2FD45}.Release|x64.Build.0 = Release|Any CPU
		{6F338651-5D9A-40D2-AA7E-568FBEF2FD45}.Release|x86.ActiveCfg = Release|Any CPU
		{6F338651-5D9A-40D2-AA7E-568FBEF2FD45}.Release|x86.Build.0 = Release|Any CPU
		{F28DA72A-2FE1-496E-9441-34792F20C718}.Debug|Any CPU.ActiveCfg = Debug|Any CPU
		{F28DA72A-2FE1-496E-9441-34792F20C718}.Debug|Any CPU.Build.0 = Debug|Any CPU
		{F28DA72A-2FE1-496E-9441-34792F20C718}.Debug|x64.ActiveCfg = Debug|Any CPU
		{F28DA72A-2FE1-496E-9441-34792F20C718}.Debug|x64.Build.0 = Debug|Any CPU
		{F28DA72A-2FE1-496E-9441-34792F20C718}.Debug|x86.ActiveCfg = Debug|Any CPU
		{F28DA72A-2FE1-496E-9441-34792F20C718}.Debug|x86.Build.0 = Debug|Any CPU
		{F28DA72A-2FE1-496E-9441-34792F20C718}.Release|Any CPU.ActiveCfg = Release|Any CPU
		{F28DA72A-2FE1-496E-9441-34792F20C718}.Release|Any CPU.Build.0 = Release|Any CPU
		{F28DA72A-2FE1-496E-9441-34792F20C718}.Release|x64.ActiveCfg = Release|Any CPU
		{F28DA72A-2FE1-496E-9441-34792F20C718}.Release|x64.Build.0 = Release|Any CPU
		{F28DA72A-2FE1-496E-9441-34792F20C718}.Release|x86.ActiveCfg = Release|Any CPU
		{F28DA72A-2FE1-496E-9441-34792F20C718}.Release|x86.Build.0 = Release|Any CPU
		{19A87DB4-E14F-4DB9-B0B5-184481E34389}.Debug|Any CPU.ActiveCfg = Debug|Any CPU
		{19A87DB4-E14F-4DB9-B0B5-184481E34389}.Debug|Any CPU.Build.0 = Debug|Any CPU
		{19A87DB4-E14F-4DB9-B0B5-184481E34389}.Debug|x64.ActiveCfg = Debug|Any CPU
		{19A87DB4-E14F-4DB9-B0B5-184481E34389}.Debug|x64.Build.0 = Debug|Any CPU
		{19A87DB4-E14F-4DB9-B0B5-184481E34389}.Debug|x86.ActiveCfg = Debug|Any CPU
		{19A87DB4-E14F-4DB9-B0B5-184481E34389}.Debug|x86.Build.0 = Debug|Any CPU
		{19A87DB4-E14F-4DB9-B0B5-184481E34389}.Release|Any CPU.ActiveCfg = Release|Any CPU
		{19A87DB4-E14F-4DB9-B0B5-184481E34389}.Release|Any CPU.Build.0 = Release|Any CPU
		{19A87DB4-E14F-4DB9-B0B5-184481E34389}.Release|x64.ActiveCfg = Release|Any CPU
		{19A87DB4-E14F-4DB9-B0B5-184481E34389}.Release|x64.Build.0 = Release|Any CPU
		{19A87DB4-E14F-4DB9-B0B5-184481E34389}.Release|x86.ActiveCfg = Release|Any CPU
		{19A87DB4-E14F-4DB9-B0B5-184481E34389}.Release|x86.Build.0 = Release|Any CPU
		{49464A18-46C0-4411-A3A6-8CA70C331C74}.Debug|Any CPU.ActiveCfg = Debug|Any CPU
		{49464A18-46C0-4411-A3A6-8CA70C331C74}.Debug|Any CPU.Build.0 = Debug|Any CPU
		{49464A18-46C0-4411-A3A6-8CA70C331C74}.Debug|x64.ActiveCfg = Debug|Any CPU
		{49464A18-46C0-4411-A3A6-8CA70C331C74}.Debug|x64.Build.0 = Debug|Any CPU
		{49464A18-46C0-4411-A3A6-8CA70C331C74}.Debug|x86.ActiveCfg = Debug|Any CPU
		{49464A18-46C0-4411-A3A6-8CA70C331C74}.Debug|x86.Build.0 = Debug|Any CPU
		{49464A18-46C0-4411-A3A6-8CA70C331C74}.Release|Any CPU.ActiveCfg = Release|Any CPU
		{49464A18-46C0-4411-A3A6-8CA70C331C74}.Release|Any CPU.Build.0 = Release|Any CPU
		{49464A18-46C0-4411-A3A6-8CA70C331C74}.Release|x64.ActiveCfg = Release|Any CPU
		{49464A18-46C0-4411-A3A6-8CA70C331C74}.Release|x64.Build.0 = Release|Any CPU
		{49464A18-46C0-4411-A3A6-8CA70C331C74}.Release|x86.ActiveCfg = Release|Any CPU
		{49464A18-46C0-4411-A3A6-8CA70C331C74}.Release|x86.Build.0 = Release|Any CPU
	EndGlobalSection
	GlobalSection(SolutionProperties) = preSolution
		HideSolutionNode = FALSE
	EndGlobalSection
	GlobalSection(ExtensibilityGlobals) = postSolution
		SolutionGuid = {096E777E-5C8E-4A9B-8106-1EBC725F29D9}
	EndGlobalSection
EndGlobal
